
Microsoft Visual Studio Solution File, Format Version 12.00
# Visual Studio 15
VisualStudioVersion = 15.0.27703.2018
MinimumVisualStudioVersion = 10.0.40219.1
Project("{FAE04EC0-301F-11D3-BF4B-00C04F79EFBC}") = "GrafoCoyote", "GrafoCoyote\GrafoCoyote.csproj", "{2B7E1356-2BA7-4A75-ABE0-FBA50479D200}"
EndProject
Global
	GlobalSection(SolutionConfigurationPlatforms) = preSolution
		Debug|Any CPU = Debug|Any CPU
		Release|Any CPU = Release|Any CPU
	EndGlobalSection
	GlobalSection(ProjectConfigurationPlatforms) = postSolution
		{2B7E1356-2BA7-4A75-ABE0-FBA50479D200}.Debug|Any CPU.ActiveCfg = Debug|Any CPU
		{2B7E1356-2BA7-4A75-ABE0-FBA50479D200}.Debug|Any CPU.Build.0 = Debug|Any CPU
		{2B7E1356-2BA7-4A75-ABE0-FBA50479D200}.Release|Any CPU.ActiveCfg = Release|Any CPU
		{2B7E1356-2BA7-4A75-ABE0-FBA50479D200}.Release|Any CPU.Build.0 = Release|Any CPU
	EndGlobalSection
	GlobalSection(SolutionProperties) = preSolution
		HideSolutionNode = FALSE
	EndGlobalSection
	GlobalSection(ExtensibilityGlobals) = postSolution
		SolutionGuid = {55792874-DC9A-49B9-B8AE-0B9D5D840F44}
	EndGlobalSection
EndGlobal
